// !$*UTF8*$!
{
	archiveVersion = 1;
	classes = {
	};
	objectVersion = 71;
	objects = {

/* Begin PBXBuildFile section */
		B10000000000000000000001 /* AudiobookBinderCore.framework in Frameworks */ = {isa = PBXBuildFile; fileRef = R10000000000000000000001 /* AudiobookBinderCore.framework */; };
		B10000000000000000000002 /* AudiobookBinderCore.framework in Frameworks */ = {isa = PBXBuildFile; fileRef = R10000000000000000000001 /* AudiobookBinderCore.framework */; };
		B10000000000000000000003 /* AudiobookBinderCore.framework in Frameworks */ = {isa = PBXBuildFile; fileRef = R10000000000000000000001 /* AudiobookBinderCore.framework */; };
/* End PBXBuildFile section */

/* Begin PBXContainerItemProxy section */
		P10000000000000000000001 /* PBXContainerItemProxy */ = {
			isa = PBXContainerItemProxy;
			containerPortal = A10000000000000000000001 /* Project object */;
			proxyType = 1;
			remoteGlobalIDString = T10000000000000000000001;
			remoteInfo = AudiobookBinderCore;
		};
		P10000000000000000000002 /* PBXContainerItemProxy */ = {
			isa = PBXContainerItemProxy;
			containerPortal = A10000000000000000000001 /* Project object */;
			proxyType = 1;
			remoteGlobalIDString = T10000000000000000000001;
			remoteInfo = AudiobookBinderCore;
		};
		P10000000000000000000003 /* PBXContainerItemProxy */ = {
			isa = PBXContainerItemProxy;
			containerPortal = A10000000000000000000001 /* Project object */;
			proxyType = 1;
			remoteGlobalIDString = T10000000000000000000001;
			remoteInfo = AudiobookBinderCore;
		};
/* End PBXContainerItemProxy section */

/* Begin PBXFileReference section */
		R10000000000000000000001 /* AudiobookBinderCore.framework */ = {isa = PBXFileReference; explicitFileType = wrapper.framework; includeInIndex = 0; path = AudiobookBinderCore.framework; sourceTree = BUILT_PRODUCTS_DIR; };
		R10000000000000000000002 /* AudiobookBinder.app */ = {isa = PBXFileReference; explicitFileType = wrapper.application; includeInIndex = 0; path = AudiobookBinder.app; sourceTree = BUILT_PRODUCTS_DIR; };
		R10000000000000000000003 /* AudiobookBinderSelfTest */ = {isa = PBXFileReference; explicitFileType = "compiled.mach-o.executable"; includeInIndex = 0; path = AudiobookBinderSelfTest; sourceTree = BUILT_PRODUCTS_DIR; };
		R10000000000000000000004 /* AudiobookBinderTests.xctest */ = {isa = PBXFileReference; explicitFileType = wrapper.cfbundle; includeInIndex = 0; path = AudiobookBinderTests.xctest; sourceTree = BUILT_PRODUCTS_DIR; };
		R10000000000000000000005 /* AppIcon.icns */ = {isa = PBXFileReference; lastKnownFileType = image.icns; path = AppIcon.icns; sourceTree = "<group>"; };
		R10000000000000000000006 /* AppIcon-1024.png */ = {isa = PBXFileReference; lastKnownFileType = image.png; path = "AppIcon-1024.png"; sourceTree = "<group>"; };
		R10000000000000000000007 /* Info.plist */ = {isa = PBXFileReference; lastKnownFileType = text.plist.xml; path = Info.plist; sourceTree = "<group>"; };
		R10000000000000000000008 /* AudiobookBinder.entitlements */ = {isa = PBXFileReference; lastKnownFileType = text.plist.entitlements; path = AudiobookBinder.entitlements; sourceTree = "<group>"; };
/* End PBXFileReference section */

/* Begin PBXFileSystemSynchronizedRootGroup section */
		S10000000000000000000001 /* AudiobookBinderCore */ = {isa = PBXFileSystemSynchronizedRootGroup; explicitFileTypes = {}; explicitFolders = (); path = AudiobookBinderCore; sourceTree = "<group>"; };
		S10000000000000000000002 /* AudiobookBinder */ = {isa = PBXFileSystemSynchronizedRootGroup; explicitFileTypes = {}; explicitFolders = (); path = AudiobookBinder; sourceTree = "<group>"; };
		S10000000000000000000003 /* AudiobookBinderSelfTest */ = {isa = PBXFileSystemSynchronizedRootGroup; explicitFileTypes = {}; explicitFolders = (); path = AudiobookBinderSelfTest; sourceTree = "<group>"; };
		S10000000000000000000004 /* AudiobookBinderTests */ = {isa = PBXFileSystemSynchronizedRootGroup; explicitFileTypes = {}; explicitFolders = (); path = AudiobookBinderTests; sourceTree = "<group>"; };
/* End PBXFileSystemSynchronizedRootGroup section */

/* Begin PBXFrameworksBuildPhase section */
		F10000000000000000000001 /* Frameworks */ = {
			isa = PBXFrameworksBuildPhase;
			buildActionMask = 2147483647;
			files = (
			);
			runOnlyForDeploymentPostprocessing = 0;
		};
		F10000000000000000000002 /* Frameworks */ = {
			isa = PBXFrameworksBuildPhase;
			buildActionMask = 2147483647;
			files = (
				B10000000000000000000001 /* AudiobookBinderCore.framework in Frameworks */,
			);
			runOnlyForDeploymentPostprocessing = 0;
		};
		F10000000000000000000003 /* Frameworks */ = {
			isa = PBXFrameworksBuildPhase;
			buildActionMask = 2147483647;
			files = (
				B10000000000000000000002 /* AudiobookBinderCore.framework in Frameworks */,
			);
			runOnlyForDeploymentPostprocessing = 0;
		};
		F10000000000000000000004 /* Frameworks */ = {
			isa = PBXFrameworksBuildPhase;
			buildActionMask = 2147483647;
			files = (
				B10000000000000000000003 /* AudiobookBinderCore.framework in Frameworks */,
			);
			runOnlyForDeploymentPostprocessing = 0;
		};
/* End PBXFrameworksBuildPhase section */

/* Begin PBXGroup section */
		G10000000000000000000001 = {
			isa = PBXGroup;
			children = (
				G10000000000000000000002 /* Sources */,
				G10000000000000000000003 /* Tests */,
				G10000000000000000000004 /* Resources */,
				R10000000000000000000007 /* Info.plist */,
				R10000000000000000000008 /* AudiobookBinder.entitlements */,
				G10000000000000000000005 /* Products */,
			);
			sourceTree = "<group>";
		};
		G10000000000000000000002 /* Sources */ = {
			isa = PBXGroup;
			children = (
				S10000000000000000000001 /* AudiobookBinderCore */,
				S10000000000000000000002 /* AudiobookBinder */,
				S10000000000000000000003 /* AudiobookBinderSelfTest */,
			);
			path = Sources;
			sourceTree = "<group>";
		};
		G10000000000000000000003 /* Tests */ = {
			isa = PBXGroup;
			children = (
				S10000000000000000000004 /* AudiobookBinderTests */,
			);
			path = Tests;
			sourceTree = "<group>";
		};
		G10000000000000000000004 /* Resources */ = {
			isa = PBXGroup;
			children = (
				R10000000000000000000005 /* AppIcon.icns */,
				R10000000000000000000006 /* AppIcon-1024.png */,
			);
			path = Resources;
			sourceTree = "<group>";
		};
		G10000000000000000000005 /* Products */ = {
			isa = PBXGroup;
			children = (
				R10000000000000000000001 /* AudiobookBinderCore.framework */,
				R10000000000000000000002 /* AudiobookBinder.app */,
				R10000000000000000000003 /* AudiobookBinderSelfTest */,
				R10000000000000000000004 /* AudiobookBinderTests.xctest */,
			);
			name = Products;
			sourceTree = "<group>";
		};
/* End PBXGroup section */

/* Begin PBXNativeTarget section */
		T10000000000000000000001 /* AudiobookBinderCore */ = {
			isa = PBXNativeTarget;
			buildConfigurationList = L10000000000000000000002 /* Build configuration list for PBXNativeTarget "AudiobookBinderCore" */;
			buildPhases = (
				E10000000000000000000001 /* Sources */,
				F10000000000000000000001 /* Frameworks */,
			);
			buildRules = (
			);
			dependencies = (
			);
			fileSystemSynchronizedGroups = (
				S10000000000000000000001 /* AudiobookBinderCore */,
			);
			name = AudiobookBinderCore;
			productName = AudiobookBinderCore;
			productReference = R10000000000000000000001 /* AudiobookBinderCore.framework */;
			productType = "com.apple.product-type.framework";
		};
		T10000000000000000000002 /* AudiobookBinder */ = {
			isa = PBXNativeTarget;
			buildConfigurationList = L10000000000000000000003 /* Build configuration list for PBXNativeTarget "AudiobookBinder" */;
			buildPhases = (
				E10000000000000000000002 /* Sources */,
				F10000000000000000000002 /* Frameworks */,
				U10000000000000000000001 /* Resources */,
			);
			buildRules = (
			);
			dependencies = (
				D10000000000000000000001 /* PBXTargetDependency */,
			);
			fileSystemSynchronizedGroups = (
				S10000000000000000000002 /* AudiobookBinder */,
			);
			name = AudiobookBinder;
			productName = AudiobookBinder;
			productReference = R10000000000000000000002 /* AudiobookBinder.app */;
			productType = "com.apple.product-type.application";
		};
		T10000000000000000000003 /* AudiobookBinderSelfTest */ = {
			isa = PBXNativeTarget;
			buildConfigurationList = L10000000000000000000004 /* Build configuration list for PBXNativeTarget "AudiobookBinderSelfTest" */;
			buildPhases = (
				E10000000000000000000003 /* Sources */,
				F10000000000000000000003 /* Frameworks */,
			);
			buildRules = (
			);
			dependencies = (
				D10000000000000000000002 /* PBXTargetDependency */,
			);
			fileSystemSynchronizedGroups = (
				S10000000000000000000003 /* AudiobookBinderSelfTest */,
			);
			name = AudiobookBinderSelfTest;
			productName = AudiobookBinderSelfTest;
			productReference = R10000000000000000000003 /* AudiobookBinderSelfTest */;
			productType = "com.apple.product-type.tool";
		};
		T10000000000000000000004 /* AudiobookBinderTests */ = {
			isa = PBXNativeTarget;
			buildConfigurationList = L10000000000000000000005 /* Build configuration list for PBXNativeTarget "AudiobookBinderTests" */;
			buildPhases = (
				E10000000000000000000004 /* Sources */,
				F10000000000000000000004 /* Frameworks */,
			);
			buildRules = (
			);
			dependencies = (
				D10000000000000000000003 /* PBXTargetDependency */,
			);
			fileSystemSynchronizedGroups = (
				S10000000000000000000004 /* AudiobookBinderTests */,
			);
			name = AudiobookBinderTests;
			productName = AudiobookBinderTests;
			productReference = R10000000000000000000004 /* AudiobookBinderTests.xctest */;
			productType = "com.apple.product-type.bundle.unit-test";
		};
/* End PBXNativeTarget section */

/* Begin PBXProject section */
		A10000000000000000000001 /* Project object */ = {
			isa = PBXProject;
			attributes = {
				BuildIndependentTargetsInParallel = 1;
				LastSwiftUpdateCheck = 2700;
				LastUpgradeCheck = 2700;
				ORGANIZATIONNAME = johnsonzhang;
				TargetAttributes = {
					T10000000000000000000002 = {
						CreatedOnToolsVersion = 27.0;
					};
				};
			};
			buildConfigurationList = L10000000000000000000001 /* Build configuration list for PBXProject "AudiobookBinder" */;
			compatibilityVersion = "Xcode 16.0";
			developmentRegion = en;
			hasScannedForEncodings = 0;
			knownRegions = (
				en,
				Base,
			);
			mainGroup = G10000000000000000000001;
			productRefGroup = G10000000000000000000005 /* Products */;
			projectDirPath = "";
			projectRoot = "";
			targets = (
				T10000000000000000000001 /* AudiobookBinderCore */,
				T10000000000000000000002 /* AudiobookBinder */,
				T10000000000000000000003 /* AudiobookBinderSelfTest */,
				T10000000000000000000004 /* AudiobookBinderTests */,
			);
		};
/* End PBXProject section */

/* Begin PBXResourcesBuildPhase section */
		U10000000000000000000001 /* Resources */ = {
			isa = PBXResourcesBuildPhase;
			buildActionMask = 2147483647;
			files = (
			);
			runOnlyForDeploymentPostprocessing = 0;
		};
/* End PBXResourcesBuildPhase section */

/* Begin PBXSourcesBuildPhase section */
		E10000000000000000000001 /* Sources */ = {
			isa = PBXSourcesBuildPhase;
			buildActionMask = 2147483647;
			files = (
			);
			runOnlyForDeploymentPostprocessing = 0;
		};
		E10000000000000000000002 /* Sources */ = {
			isa = PBXSourcesBuildPhase;
			buildActionMask = 2147483647;
			files = (
			);
			runOnlyForDeploymentPostprocessing = 0;
		};
		E10000000000000000000003 /* Sources */ = {
			isa = PBXSourcesBuildPhase;
			buildActionMask = 2147483647;
			files = (
			);
			runOnlyForDeploymentPostprocessing = 0;
		};
		E10000000000000000000004 /* Sources */ = {
			isa = PBXSourcesBuildPhase;
			buildActionMask = 2147483647;
			files = (
			);
			runOnlyForDeploymentPostprocessing = 0;
		};
/* End PBXSourcesBuildPhase section */

/* Begin PBXTargetDependency section */
		D10000000000000000000001 /* PBXTargetDependency */ = {
			isa = PBXTargetDependency;
			target = T10000000000000000000001 /* AudiobookBinderCore */;
			targetProxy = P10000000000000000000001 /* PBXContainerItemProxy */;
		};
		D10000000000000000000002 /* PBXTargetDependency */ = {
			isa = PBXTargetDependency;
			target = T10000000000000000000001 /* AudiobookBinderCore */;
			targetProxy = P10000000000000000000002 /* PBXContainerItemProxy */;
		};
		D10000000000000000000003 /* PBXTargetDependency */ = {
			isa = PBXTargetDependency;
			target = T10000000000000000000001 /* AudiobookBinderCore */;
			targetProxy = P10000000000000000000003 /* PBXContainerItemProxy */;
		};
/* End PBXTargetDependency section */

/* Begin XCBuildConfiguration section */
		C10000000000000000000001 /* Debug */ = {
			isa = XCBuildConfiguration;
			buildSettings = {
				ALWAYS_SEARCH_USER_PATHS = NO;
				CLANG_ENABLE_MODULES = YES;
				CODE_SIGN_IDENTITY = "-";
				CODE_SIGN_STYLE = Manual;
				COPY_PHASE_STRIP = NO;
				DEBUG_INFORMATION_FORMAT = dwarf;
				ENABLE_TESTABILITY = YES;
				ENABLE_USER_SCRIPT_SANDBOXING = YES;
				GCC_DYNAMIC_NO_PIC = NO;
				GCC_OPTIMIZATION_LEVEL = 0;
				MACOSX_DEPLOYMENT_TARGET = 14.0;
				ONLY_ACTIVE_ARCH = YES;
				OTHER_SWIFT_FLAGS = "$(inherited) -package-name AudiobookBinder";
				SDKROOT = macosx;
				SUPPORTED_PLATFORMS = macosx;
				SWIFT_ACTIVE_COMPILATION_CONDITIONS = DEBUG;
				SWIFT_OPTIMIZATION_LEVEL = "-Onone";
				SWIFT_VERSION = 6.0;
			};
			name = Debug;
		};
		C10000000000000000000002 /* Release */ = {
			isa = XCBuildConfiguration;
			buildSettings = {
				ALWAYS_SEARCH_USER_PATHS = NO;
				CLANG_ENABLE_MODULES = YES;
				CODE_SIGN_IDENTITY = "-";
				CODE_SIGN_STYLE = Manual;
				COPY_PHASE_STRIP = NO;
				DEBUG_INFORMATION_FORMAT = "dwarf-with-dsym";
				ENABLE_NS_ASSERTIONS = NO;
				ENABLE_USER_SCRIPT_SANDBOXING = YES;
				MACOSX_DEPLOYMENT_TARGET = 14.0;
				OTHER_SWIFT_FLAGS = "$(inherited) -package-name AudiobookBinder";
				SDKROOT = macosx;
				SUPPORTED_PLATFORMS = macosx;
				SWIFT_COMPILATION_MODE = wholemodule;
				SWIFT_OPTIMIZATION_LEVEL = "-O";
				SWIFT_VERSION = 6.0;
			};
			name = Release;
		};
		C10000000000000000000003 /* Debug */ = {
			isa = XCBuildConfiguration;
			buildSettings = {
				CODE_SIGNING_ALLOWED = NO;
				CURRENT_PROJECT_VERSION = 1;
				DEFINES_MODULE = YES;
				DYLIB_COMPATIBILITY_VERSION = 1;
				DYLIB_CURRENT_VERSION = 1;
				GENERATE_INFOPLIST_FILE = YES;
				INSTALL_PATH = "$(LOCAL_LIBRARY_DIR)/Frameworks";
				MACH_O_TYPE = staticlib;
				MARKETING_VERSION = 1.0;
				PRODUCT_BUNDLE_IDENTIFIER = com.johnsonzhang.audiobookbinder.core;
				PRODUCT_MODULE_NAME = AudiobookBinderCore;
				PRODUCT_NAME = AudiobookBinderCore;
				SKIP_INSTALL = YES;
			};
			name = Debug;
		};
		C10000000000000000000004 /* Release */ = {
			isa = XCBuildConfiguration;
			buildSettings = {
				CODE_SIGNING_ALLOWED = NO;
				CURRENT_PROJECT_VERSION = 1;
				DEFINES_MODULE = YES;
				DYLIB_COMPATIBILITY_VERSION = 1;
				DYLIB_CURRENT_VERSION = 1;
				GENERATE_INFOPLIST_FILE = YES;
				INSTALL_PATH = "$(LOCAL_LIBRARY_DIR)/Frameworks";
				MACH_O_TYPE = staticlib;
				MARKETING_VERSION = 1.0;
				PRODUCT_BUNDLE_IDENTIFIER = com.johnsonzhang.audiobookbinder.core;
				PRODUCT_MODULE_NAME = AudiobookBinderCore;
				PRODUCT_NAME = AudiobookBinderCore;
				SKIP_INSTALL = YES;
			};
			name = Release;
		};
		C10000000000000000000005 /* Debug */ = {
			isa = XCBuildConfiguration;
			buildSettings = {
				ASSETCATALOG_COMPILER_APPICON_NAME = AppIcon;
				ASSETCATALOG_COMPILER_INCLUDE_ALL_APPICON_ASSETS = YES;
				CODE_SIGN_ENTITLEMENTS = AudiobookBinder.entitlements;
				CODE_SIGN_IDENTITY = "Apple Development";
				CODE_SIGN_STYLE = Automatic;
				CURRENT_PROJECT_VERSION = 31;
				DEVELOPMENT_TEAM = 332KV72GDJ;
				ENABLE_APP_SANDBOX = YES;
				ENABLE_HARDENED_RUNTIME = YES;
				GENERATE_INFOPLIST_FILE = NO;
				INFOPLIST_FILE = Info.plist;
				INFOPLIST_KEY_LSApplicationCategoryType = "public.app-category.education";
				LD_RUNPATH_SEARCH_PATHS = (
					"$(inherited)",
					"@executable_path/../Frameworks",
				);
				MARKETING_VERSION = 1.4.24;
				PRODUCT_BUNDLE_IDENTIFIER = com.nwai.audiobookbinder;
				PRODUCT_NAME = AudiobookBinder;
				PROVISIONING_PROFILE_SPECIFIER = "";
			};
			name = Debug;
		};
		C10000000000000000000006 /* Release */ = {
			isa = XCBuildConfiguration;
			buildSettings = {
				ASSETCATALOG_COMPILER_APPICON_NAME = AppIcon;
				ASSETCATALOG_COMPILER_INCLUDE_ALL_APPICON_ASSETS = YES;
				CODE_SIGN_ENTITLEMENTS = AudiobookBinder.entitlements;
				CODE_SIGN_IDENTITY = "Apple Development";
				CODE_SIGN_STYLE = Automatic;
				CURRENT_PROJECT_VERSION = 31;
				DEVELOPMENT_TEAM = 332KV72GDJ;
				ENABLE_APP_SANDBOX = YES;
				ENABLE_HARDENED_RUNTIME = YES;
				GENERATE_INFOPLIST_FILE = NO;
				INFOPLIST_FILE = Info.plist;
				INFOPLIST_KEY_LSApplicationCategoryType = "public.app-category.education";
				LD_RUNPATH_SEARCH_PATHS = (
					"$(inherited)",
					"@executable_path/../Frameworks",
				);
				MARKETING_VERSION = 1.4.24;
				PRODUCT_BUNDLE_IDENTIFIER = com.nwai.audiobookbinder;
				PRODUCT_NAME = AudiobookBinder;
				PROVISIONING_PROFILE_SPECIFIER = "";
			};
			name = Release;
		};
		C10000000000000000000007 /* Debug */ = {
			isa = XCBuildConfiguration;
			buildSettings = {
				CODE_SIGNING_ALLOWED = NO;
				GENERATE_INFOPLIST_FILE = YES;
				OTHER_SWIFT_FLAGS = "$(inherited) -parse-as-library";
				PRODUCT_BUNDLE_IDENTIFIER = com.johnsonzhang.audiobookbinder.selftest;
				PRODUCT_NAME = AudiobookBinderSelfTest;
				SKIP_INSTALL = YES;
			};
			name = Debug;
		};
		C10000000000000000000008 /* Release */ = {
			isa = XCBuildConfiguration;
			buildSettings = {
				CODE_SIGNING_ALLOWED = NO;
				GENERATE_INFOPLIST_FILE = YES;
				OTHER_SWIFT_FLAGS = "$(inherited) -parse-as-library";
				PRODUCT_BUNDLE_IDENTIFIER = com.johnsonzhang.audiobookbinder.selftest;
				PRODUCT_NAME = AudiobookBinderSelfTest;
				SKIP_INSTALL = YES;
			};
			name = Release;
		};
		C10000000000000000000009 /* Debug */ = {
			isa = XCBuildConfiguration;
			buildSettings = {
				BUNDLE_LOADER = "";
				CODE_SIGNING_ALLOWED = NO;
				GENERATE_INFOPLIST_FILE = YES;
				LD_RUNPATH_SEARCH_PATHS = (
					"$(inherited)",
					"@executable_path/../Frameworks",
					"@loader_path/../Frameworks",
				);
				PRODUCT_BUNDLE_IDENTIFIER = com.johnsonzhang.audiobookbinder.tests;
				PRODUCT_NAME = AudiobookBinderTests;
				TEST_HOST = "";
			};
			name = Debug;
		};
		C1000000000000000000000A /* Release */ = {
			isa = XCBuildConfiguration;
			buildSettings = {
				BUNDLE_LOADER = "";
				CODE_SIGNING_ALLOWED = NO;
				GENERATE_INFOPLIST_FILE = YES;
				LD_RUNPATH_SEARCH_PATHS = (
					"$(inherited)",
					"@executable_path/../Frameworks",
					"@loader_path/../Frameworks",
				);
				PRODUCT_BUNDLE_IDENTIFIER = com.johnsonzhang.audiobookbinder.tests;
				PRODUCT_NAME = AudiobookBinderTests;
				TEST_HOST = "";
			};
			name = Release;
		};
/* End XCBuildConfiguration section */

/* Begin XCConfigurationList section */
		L10000000000000000000001 /* Build configuration list for PBXProject "AudiobookBinder" */ = {
			isa = XCConfigurationList;
			buildConfigurations = (
				C10000000000000000000001 /* Debug */,
				C10000000000000000000002 /* Release */,
			);
			defaultConfigurationIsVisible = 0;
			defaultConfigurationName = Release;
		};
		L10000000000000000000002 /* Build configuration list for PBXNativeTarget "AudiobookBinderCore" */ = {
			isa = XCConfigurationList;
			buildConfigurations = (
				C10000000000000000000003 /* Debug */,
				C10000000000000000000004 /* Release */,
			);
			defaultConfigurationIsVisible = 0;
			defaultConfigurationName = Release;
		};
		L10000000000000000000003 /* Build configuration list for PBXNativeTarget "AudiobookBinder" */ = {
			isa = XCConfigurationList;
			buildConfigurations = (
				C10000000000000000000005 /* Debug */,
				C10000000000000000000006 /* Release */,
			);
			defaultConfigurationIsVisible = 0;
			defaultConfigurationName = Release;
		};
		L10000000000000000000004 /* Build configuration list for PBXNativeTarget "AudiobookBinderSelfTest" */ = {
			isa = XCConfigurationList;
			buildConfigurations = (
				C10000000000000000000007 /* Debug */,
				C10000000000000000000008 /* Release */,
			);
			defaultConfigurationIsVisible = 0;
			defaultConfigurationName = Release;
		};
		L10000000000000000000005 /* Build configuration list for PBXNativeTarget "AudiobookBinderTests" */ = {
			isa = XCConfigurationList;
			buildConfigurations = (
				C10000000000000000000009 /* Debug */,
				C1000000000000000000000A /* Release */,
			);
			defaultConfigurationIsVisible = 0;
			defaultConfigurationName = Release;
		};
/* End XCConfigurationList section */
	};
	rootObject = A10000000000000000000001 /* Project object */;
}
